
Microsoft Visual Studio Solution File, Format Version 12.00
# Visual Studio Version 17
VisualStudioVersion = 17.6.33815.320
MinimumVisualStudioVersion = 10.0.40219.1
Project("{FAE04EC0-301F-11D3-BF4B-00C04F79EFBC}") = "Cqrs&MediatRDemo", "Cqrs&MediatRDemo\Cqrs&MediatRDemo.csproj", "{0641DCC0-96F3-4B10-A0B5-065AB03D02D2}"
EndProject
Global
	GlobalSection(SolutionConfigurationPlatforms) = preSolution
		Debug|Any CPU = Debug|Any CPU
		Release|Any CPU = Release|Any CPU
	EndGlobalSection
	GlobalSection(ProjectConfigurationPlatforms) = postSolution
		{0641DCC0-96F3-4B10-A0B5-065AB03D02D2}.Debug|Any CPU.ActiveCfg = Debug|Any CPU
		{0641DCC0-96F3-4B10-A0B5-065AB03D02D2}.Debug|Any CPU.Build.0 = Debug|Any CPU
		{0641DCC0-96F3-4B10-A0B5-065AB03D02D2}.Release|Any CPU.ActiveCfg = Release|Any CPU
		{0641DCC0-96F3-4B10-A0B5-065AB03D02D2}.Release|Any CPU.Build.0 = Release|Any CPU
	EndGlobalSection
	GlobalSection(SolutionProperties) = preSolution
		HideSolutionNode = FALSE
	EndGlobalSection
	GlobalSection(ExtensibilityGlobals) = postSolution
		SolutionGuid = {6DA2480E-6E53-4C17-ACC0-1121F68A3A3D}
	EndGlobalSection
EndGlobal
